speakeasyVersion: 1.758.0
sources:
    Creem API:
        sourceNamespace: creem-api
        sourceRevisionDigest: sha256:955ab681a998147abfef31c234318304078bebf5427133fa342ff198dd25687e
        sourceBlobDigest: sha256:814e988f33d11341fe09de36a7c014bfadbbb57e0bba2fa116d540d0b533e281
        tags:
            - latest
            - v1
targets:
    creem:
        source: Creem API
        sourceNamespace: creem-api
        sourceRevisionDigest: sha256:955ab681a998147abfef31c234318304078bebf5427133fa342ff198dd25687e
        sourceBlobDigest: sha256:814e988f33d11341fe09de36a7c014bfadbbb57e0bba2fa116d540d0b533e281
        codeSamplesNamespace: creem-api-typescript-code-samples
        codeSamplesRevisionDigest: sha256:e28e6c8b4703c230599e059368c8c5fe0e49f6922d15a2e8bfc450576ba60e26
workflow:
    workflowVersion: 1.0.0
    speakeasyVersion: latest
    sources:
        Creem API:
            inputs:
                - location: ./openapi.json
            overlays:
                - location: .speakeasy/speakeasy-modifications-overlay.yaml
            registry:
                location: registry.speakeasyapi.dev/creem/engineering/creem-api
    targets:
        creem:
            target: typescript
            source: Creem API
            publish:
                npm:
                    token: $npm_token
            codeSamples:
                registry:
                    location: registry.speakeasyapi.dev/creem/engineering/creem-api-typescript-code-samples
                labelOverride:
                    fixedValue: Typescript (SDK)
                blocking: false
